// !$*UTF8*$!
{
	archiveVersion = 1;
	classes = {
	};
	objectVersion = 56;
	objects = {

/* Begin PBXBuildFile section */
		76ECEF3B2A148EC3001059D3 /* .gitignore in Resources */ = {isa = PBXBuildFile; fileRef = 76ECEF3A2A148EC3001059D3 /* .gitignore */; };
		76F4845D2A13B883005D3268 /* LocationManager.swift in Sources */ = {isa = PBXBuildFile; fileRef = 76F4845C2A13B883005D3268 /* LocationManager.swift */; };
		76F484602A13BAD9005D3268 /* WelcomeView.swift in Sources */ = {isa = PBXBuildFile; fileRef = 76F4845F2A13BAD9005D3268 /* WelcomeView.swift */; };
		76F484622A13D0A6005D3268 /* LoadingView.swift in Sources */ = {isa = PBXBuildFile; fileRef = 76F484612A13D0A6005D3268 /* LoadingView.swift */; };
		76F484642A13D2DA005D3268 /* WeatherManager.swift in Sources */ = {isa = PBXBuildFile; fileRef = 76F484632A13D2DA005D3268 /* WeatherManager.swift */; };
		76F484662A13E488005D3268 /* WeatherView.swift in Sources */ = {isa = PBXBuildFile; fileRef = 76F484652A13E488005D3268 /* WeatherView.swift */; };
		76F484682A13E4D7005D3268 /* ModelData.swift in Sources */ = {isa = PBXBuildFile; fileRef = 76F484672A13E4D7005D3268 /* ModelData.swift */; };
		76F4846A2A13E62D005D3268 /* weatherData.json in Resources */ = {isa = PBXBuildFile; fileRef = 76F484692A13E62D005D3268 /* weatherData.json */; };
		76F4846C2A13E78E005D3268 /* Extensions.swift in Sources */ = {isa = PBXBuildFile; fileRef = 76F4846B2A13E78E005D3268 /* Extensions.swift */; };
		76F4846F2A13F160005D3268 /* WeatherRow.swift in Sources */ = {isa = PBXBuildFile; fileRef = 76F4846E2A13F160005D3268 /* WeatherRow.swift */; };
		76FB7C6B2A13ADB200910D9B /* TimDevo_WeatherApp.swift in Sources */ = {isa = PBXBuildFile; fileRef = 76FB7C6A2A13ADB200910D9B /* TimDevo_WeatherApp.swift */; };
		76FB7C6D2A13ADB200910D9B /* ContentView.swift in Sources */ = {isa = PBXBuildFile; fileRef = 76FB7C6C2A13ADB200910D9B /* ContentView.swift */; };
		76FB7C6F2A13ADB500910D9B /* Assets.xcassets in Resources */ = {isa = PBXBuildFile; fileRef = 76FB7C6E2A13ADB500910D9B /* Assets.xcassets */; };
		76FB7C722A13ADB500910D9B /* Preview Assets.xcassets in Resources */ = {isa = PBXBuildFile; fileRef = 76FB7C712A13ADB500910D9B /* Preview Assets.xcassets */; };
/* End PBXBuildFile section */

/* Begin PBXFileReference section */
		76ECEF3A2A148EC3001059D3 /* .gitignore */ = {isa = PBXFileReference; lastKnownFileType = text; path = .gitignore; sourceTree = "<group>"; };
		76F4845C2A13B883005D3268 /* LocationManager.swift */ = {isa = PBXFileReference; lastKnownFileType = sourcecode.swift; path = LocationManager.swift; sourceTree = "<group>"; };
		76F4845F2A13BAD9005D3268 /* WelcomeView.swift */ = {isa = PBXFileReference; lastKnownFileType = sourcecode.swift; path = WelcomeView.swift; sourceTree = "<group>"; };
		76F484612A13D0A6005D3268 /* LoadingView.swift */ = {isa = PBXFileReference; lastKnownFileType = sourcecode.swift; path = LoadingView.swift; sourceTree = "<group>"; };
		76F484632A13D2DA005D3268 /* WeatherManager.swift */ = {isa = PBXFileReference; lastKnownFileType = sourcecode.swift; path = WeatherManager.swift; sourceTree = "<group>"; };
		76F484652A13E488005D3268 /* WeatherView.swift */ = {isa = PBXFileReference; lastKnownFileType = sourcecode.swift; path = WeatherView.swift; sourceTree = "<group>"; };
		76F484672A13E4D7005D3268 /* ModelData.swift */ = {isa = PBXFileReference; lastKnownFileType = sourcecode.swift; path = ModelData.swift; sourceTree = "<group>"; };
		76F484692A13E62D005D3268 /* weatherData.json */ = {isa = PBXFileReference; lastKnownFileType = text.json; path = weatherData.json; sourceTree = "<group>"; };
		76F4846B2A13E78E005D3268 /* Extensions.swift */ = {isa = PBXFileReference; lastKnownFileType = sourcecode.swift; path = Extensions.swift; sourceTree = "<group>"; };
		76F4846E2A13F160005D3268 /* WeatherRow.swift */ = {isa = PBXFileReference; lastKnownFileType = sourcecode.swift; path = WeatherRow.swift; sourceTree = "<group>"; };
		76FB7C672A13ADB200910D9B /* TimDevo Weather.app */ = {isa = PBXFileReference; explicitFileType = wrapper.application; includeInIndex = 0; path = "TimDevo Weather.app"; sourceTree = BUILT_PRODUCTS_DIR; };
		76FB7C6A2A13ADB200910D9B /* TimDevo_WeatherApp.swift */ = {isa = PBXFileReference; lastKnownFileType = sourcecode.swift; path = TimDevo_WeatherApp.swift; sourceTree = "<group>"; };
		76FB7C6C2A13ADB200910D9B /* ContentView.swift */ = {isa = PBXFileReference; lastKnownFileType = sourcecode.swift; path = ContentView.swift; sourceTree = "<group>"; };
		76FB7C6E2A13ADB500910D9B /* Assets.xcassets */ = {isa = PBXFileReference; lastKnownFileType = folder.assetcatalog; path = Assets.xcassets; sourceTree = "<group>"; };
		76FB7C712A13ADB500910D9B /* Preview Assets.xcassets */ = {isa = PBXFileReference; lastKnownFileType = folder.assetcatalog; path = "Preview Assets.xcassets"; sourceTree = "<group>"; };
/* End PBXFileReference section */

/* Begin PBXFrameworksBuildPhase section */
		76FB7C642A13ADB100910D9B /* Frameworks */ = {
			isa = PBXFrameworksBuildPhase;
			buildActionMask = 2147483647;
			files = (
			);
			runOnlyForDeploymentPostprocessing = 0;
		};
/* End PBXFrameworksBuildPhase section */

/* Begin PBXGroup section */
		76F4845B2A13B85E005D3268 /* Managers */ = {
			isa = PBXGroup;
			children = (
				76F4845C2A13B883005D3268 /* LocationManager.swift */,
				76F484632A13D2DA005D3268 /* WeatherManager.swift */,
			);
			path = Managers;
			sourceTree = "<group>";
		};
		76F4845E2A13BA5B005D3268 /* Views */ = {
			isa = PBXGroup;
			children = (
				76FB7C6C2A13ADB200910D9B /* ContentView.swift */,
				76F4845F2A13BAD9005D3268 /* WelcomeView.swift */,
				76F484612A13D0A6005D3268 /* LoadingView.swift */,
				76F484652A13E488005D3268 /* WeatherView.swift */,
			);
			path = Views;
			sourceTree = "<group>";
		};
		76F4846D2A13F144005D3268 /* Components */ = {
			isa = PBXGroup;
			children = (
				76F4846E2A13F160005D3268 /* WeatherRow.swift */,
			);
			path = Components;
			sourceTree = "<group>";
		};
		76FB7C5E2A13ADB100910D9B = {
			isa = PBXGroup;
			children = (
				76ECEF3A2A148EC3001059D3 /* .gitignore */,
				76FB7C692A13ADB200910D9B /* TimDevo Weather */,
				76FB7C682A13ADB200910D9B /* Products */,
			);
			sourceTree = "<group>";
		};
		76FB7C682A13ADB200910D9B /* Products */ = {
			isa = PBXGroup;
			children = (
				76FB7C672A13ADB200910D9B /* TimDevo Weather.app */,
			);
			name = Products;
			sourceTree = "<group>";
		};
		76FB7C692A13ADB200910D9B /* TimDevo Weather */ = {
			isa = PBXGroup;
			children = (
				76F4846D2A13F144005D3268 /* Components */,
				76F4845E2A13BA5B005D3268 /* Views */,
				76F4845B2A13B85E005D3268 /* Managers */,
				76FB7C6A2A13ADB200910D9B /* TimDevo_WeatherApp.swift */,
				76FB7C6E2A13ADB500910D9B /* Assets.xcassets */,
				76FB7C702A13ADB500910D9B /* Preview Content */,
				76F4846B2A13E78E005D3268 /* Extensions.swift */,
			);
			path = "TimDevo Weather";
			sourceTree = "<group>";
		};
		76FB7C702A13ADB500910D9B /* Preview Content */ = {
			isa = PBXGroup;
			children = (
				76FB7C712A13ADB500910D9B /* Preview Assets.xcassets */,
				76F484672A13E4D7005D3268 /* ModelData.swift */,
				76F484692A13E62D005D3268 /* weatherData.json */,
			);
			path = "Preview Content";
			sourceTree = "<group>";
		};
/* End PBXGroup section */

/* Begin PBXNativeTarget section */
		76FB7C662A13ADB100910D9B /* TimDevo Weather */ = {
			isa = PBXNativeTarget;
			buildConfigurationList = 76FB7C752A13ADB500910D9B /* Build configuration list for PBXNativeTarget "TimDevo Weather" */;
			buildPhases = (
				76FB7C632A13ADB100910D9B /* Sources */,
				76FB7C642A13ADB100910D9B /* Frameworks */,
				76FB7C652A13ADB100910D9B /* Resources */,
			);
			buildRules = (
			);
			dependencies = (
			);
			name = "TimDevo Weather";
			productName = "TimDevo Weather";
			productReference = 76FB7C672A13ADB200910D9B /* TimDevo Weather.app */;
			productType = "com.apple.product-type.application";
		};
/* End PBXNativeTarget section */

/* Begin PBXProject section */
		76FB7C5F2A13ADB100910D9B /* Project object */ = {
			isa = PBXProject;
			attributes = {
				BuildIndependentTargetsInParallel = 1;
				LastSwiftUpdateCheck = 1420;
				LastUpgradeCheck = 1420;
				TargetAttributes = {
					76FB7C662A13ADB100910D9B = {
						CreatedOnToolsVersion = 14.2;
					};
				};
			};
			buildConfigurationList = 76FB7C622A13ADB100910D9B /* Build configuration list for PBXProject "TimDevo Weather" */;
			compatibilityVersion = "Xcode 14.0";
			developmentRegion = en;
			hasScannedForEncodings = 0;
			knownRegions = (
				en,
				Base,
			);
			mainGroup = 76FB7C5E2A13ADB100910D9B;
			productRefGroup = 76FB7C682A13ADB200910D9B /* Products */;
			projectDirPath = "";
			projectRoot = "";
			targets = (
				76FB7C662A13ADB100910D9B /* TimDevo Weather */,
			);
		};
/* End PBXProject section */

/* Begin PBXResourcesBuildPhase section */
		76FB7C652A13ADB100910D9B /* Resources */ = {
			isa = PBXResourcesBuildPhase;
			buildActionMask = 2147483647;
			files = (
				76ECEF3B2A148EC3001059D3 /* .gitignore in Resources */,
				76FB7C722A13ADB500910D9B /* Preview Assets.xcassets in Resources */,
				76F4846A2A13E62D005D3268 /* weatherData.json in Resources */,
				76FB7C6F2A13ADB500910D9B /* Assets.xcassets in Resources */,
			);
			runOnlyForDeploymentPostprocessing = 0;
		};
/* End PBXResourcesBuildPhase section */

/* Begin PBXSourcesBuildPhase section */
		76FB7C632A13ADB100910D9B /* Sources */ = {
			isa = PBXSourcesBuildPhase;
			buildActionMask = 2147483647;
			files = (
				76F484642A13D2DA005D3268 /* WeatherManager.swift in Sources */,
				76F4846C2A13E78E005D3268 /* Extensions.swift in Sources */,
				76FB7C6D2A13ADB200910D9B /* ContentView.swift in Sources */,
				76FB7C6B2A13ADB200910D9B /* TimDevo_WeatherApp.swift in Sources */,
				76F4845D2A13B883005D3268 /* LocationManager.swift in Sources */,
				76F4846F2A13F160005D3268 /* WeatherRow.swift in Sources */,
				76F484622A13D0A6005D3268 /* LoadingView.swift in Sources */,
				76F484682A13E4D7005D3268 /* ModelData.swift in Sources */,
				76F484662A13E488005D3268 /* WeatherView.swift in Sources */,
				76F484602A13BAD9005D3268 /* WelcomeView.swift in Sources */,
			);
			runOnlyForDeploymentPostprocessing = 0;
		};
/* End PBXSourcesBuildPhase section */

/* Begin XCBuildConfiguration section */
		76FB7C732A13ADB500910D9B /* Debug */ = {
			isa = XCBuildConfiguration;
			buildSettings = {
				ALWAYS_SEARCH_USER_PATHS = NO;
				CLANG_ANALYZER_NONNULL = YES;
				CLANG_ANALYZER_NUMBER_OBJECT_CONVERSION = YES_AGGRESSIVE;
				CLANG_CXX_LANGUAGE_STANDARD = "gnu++20";
				CLANG_ENABLE_MODULES = YES;
				CLANG_ENABLE_OBJC_ARC = YES;
				CLANG_ENABLE_OBJC_WEAK = YES;
				CLANG_WARN_BLOCK_CAPTURE_AUTORELEASING = YES;
				CLANG_WARN_BOOL_CONVERSION = YES;
				CLANG_WARN_COMMA = YES;
				CLANG_WARN_CONSTANT_CONVERSION = YES;
				CLANG_WARN_DEPRECATED_OBJC_IMPLEMENTATIONS = YES;
				CLANG_WARN_DIRECT_OBJC_ISA_USAGE = YES_ERROR;
				CLANG_WARN_DOCUMENTATION_COMMENTS = YES;
				CLANG_WARN_EMPTY_BODY = YES;
				CLANG_WARN_ENUM_CONVERSION = YES;
				CLANG_WARN_INFINITE_RECURSION = YES;
				CLANG_WARN_INT_CONVERSION = YES;
				CLANG_WARN_NON_LITERAL_NULL_CONVERSION = YES;
				CLANG_WARN_OBJC_IMPLICIT_RETAIN_SELF = YES;
				CLANG_WARN_OBJC_LITERAL_CONVERSION = YES;
				CLANG_WARN_OBJC_ROOT_CLASS = YES_ERROR;
				CLANG_WARN_QUOTED_INCLUDE_IN_FRAMEWORK_HEADER = YES;
				CLANG_WARN_RANGE_LOOP_ANALYSIS = YES;
				CLANG_WARN_STRICT_PROTOTYPES = YES;
				CLANG_WARN_SUSPICIOUS_MOVE = YES;
				CLANG_WARN_UNGUARDED_AVAILABILITY = YES_AGGRESSIVE;
				CLANG_WARN_UNREACHABLE_CODE = YES;
				CLANG_WARN__DUPLICATE_METHOD_MATCH = YES;
				COPY_PHASE_STRIP = NO;
				DEBUG_INFORMATION_FORMAT = dwarf;
				ENABLE_STRICT_OBJC_MSGSEND = YES;
				ENABLE_TESTABILITY = YES;
				GCC_C_LANGUAGE_STANDARD = gnu11;
				GCC_DYNAMIC_NO_PIC = NO;
				GCC_NO_COMMON_BLOCKS = YES;
				GCC_OPTIMIZATION_LEVEL = 0;
				GCC_PREPROCESSOR_DEFINITIONS = (
					"DEBUG=1",
					"$(inherited)",
				);
				GCC_WARN_64_TO_32_BIT_CONVERSION = YES;
				GCC_WARN_ABOUT_RETURN_TYPE = YES_ERROR;
				GCC_WARN_UNDECLARED_SELECTOR = YES;
				GCC_WARN_UNINITIALIZED_AUTOS = YES_AGGRESSIVE;
				GCC_WARN_UNUSED_FUNCTION = YES;
				GCC_WARN_UNUSED_VARIABLE = YES;
				IPHONEOS_DEPLOYMENT_TARGET = 15.5;
				MTL_ENABLE_DEBUG_INFO = INCLUDE_SOURCE;
				MTL_FAST_MATH = YES;
				ONLY_ACTIVE_ARCH = YES;
				SDKROOT = iphoneos;
				SWIFT_ACTIVE_COMPILATION_CONDITIONS = DEBUG;
				SWIFT_OPTIMIZATION_LEVEL = "-Onone";
			};
			name = Debug;
		};
		76FB7C742A13ADB500910D9B /* Release */ = {
			isa = XCBuildConfiguration;
			buildSettings = {
				ALWAYS_SEARCH_USER_PATHS = NO;
				CLANG_ANALYZER_NONNULL = YES;
				CLANG_ANALYZER_NUMBER_OBJECT_CONVERSION = YES_AGGRESSIVE;
				CLANG_CXX_LANGUAGE_STANDARD = "gnu++20";
				CLANG_ENABLE_MODULES = YES;
				CLANG_ENABLE_OBJC_ARC = YES;
				CLANG_ENABLE_OBJC_WEAK = YES;
				CLANG_WARN_BLOCK_CAPTURE_AUTORELEASING = YES;
				CLANG_WARN_BOOL_CONVERSION = YES;
				CLANG_WARN_COMMA = YES;
				CLANG_WARN_CONSTANT_CONVERSION = YES;
				CLANG_WARN_DEPRECATED_OBJC_IMPLEMENTATIONS = YES;
				CLANG_WARN_DIRECT_OBJC_ISA_USAGE = YES_ERROR;
				CLANG_WARN_DOCUMENTATION_COMMENTS = YES;
				CLANG_WARN_EMPTY_BODY = YES;
				CLANG_WARN_ENUM_CONVERSION = YES;
				CLANG_WARN_INFINITE_RECURSION = YES;
				CLANG_WARN_INT_CONVERSION = YES;
				CLANG_WARN_NON_LITERAL_NULL_CONVERSION = YES;
				CLANG_WARN_OBJC_IMPLICIT_RETAIN_SELF = YES;
				CLANG_WARN_OBJC_LITERAL_CONVERSION = YES;
				CLANG_WARN_OBJC_ROOT_CLASS = YES_ERROR;
				CLANG_WARN_QUOTED_INCLUDE_IN_FRAMEWORK_HEADER = YES;
				CLANG_WARN_RANGE_LOOP_ANALYSIS = YES;
				CLANG_WARN_STRICT_PROTOTYPES = YES;
				CLANG_WARN_SUSPICIOUS_MOVE = YES;
				CLANG_WARN_UNGUARDED_AVAILABILITY = YES_AGGRESSIVE;
				CLANG_WARN_UNREACHABLE_CODE = YES;
				CLANG_WARN__DUPLICATE_METHOD_MATCH = YES;
				COPY_PHASE_STRIP = NO;
				DEBUG_INFORMATION_FORMAT = "dwarf-with-dsym";
				ENABLE_NS_ASSERTIONS = NO;
				ENABLE_STRICT_OBJC_MSGSEND = YES;
				GCC_C_LANGUAGE_STANDARD = gnu11;
				GCC_NO_COMMON_BLOCKS = YES;
				GCC_WARN_64_TO_32_BIT_CONVERSION = YES;
				GCC_WARN_ABOUT_RETURN_TYPE = YES_ERROR;
				GCC_WARN_UNDECLARED_SELECTOR = YES;
				GCC_WARN_UNINITIALIZED_AUTOS = YES_AGGRESSIVE;
				GCC_WARN_UNUSED_FUNCTION = YES;
				GCC_WARN_UNUSED_VARIABLE = YES;
				IPHONEOS_DEPLOYMENT_TARGET = 15.5;
				MTL_ENABLE_DEBUG_INFO = NO;
				MTL_FAST_MATH = YES;
				SDKROOT = iphoneos;
				SWIFT_COMPILATION_MODE = wholemodule;
				SWIFT_OPTIMIZATION_LEVEL = "-O";
				VALIDATE_PRODUCT = YES;
			};
			name = Release;
		};
		76FB7C762A13ADB500910D9B /* Debug */ = {
			isa = XCBuildConfiguration;
			buildSettings = {
				ASSETCATALOG_COMPILER_APPICON_NAME = AppIcon;
				ASSETCATALOG_COMPILER_GLOBAL_ACCENT_COLOR_NAME = AccentColor;
				CODE_SIGN_STYLE = Automatic;
				CURRENT_PROJECT_VERSION = 1;
				DEVELOPMENT_ASSET_PATHS = "\"TimDevo Weather/Preview Content\"";
				DEVELOPMENT_TEAM = 557ZG5B5BL;
				ENABLE_PREVIEWS = YES;
				GENERATE_INFOPLIST_FILE = YES;
				INFOPLIST_KEY_CFBundleDisplayName = "TimDevo Weather";
				INFOPLIST_KEY_LSApplicationCategoryType = "public.app-category.weather";
				INFOPLIST_KEY_UIApplicationSceneManifest_Generation = YES;
				INFOPLIST_KEY_UIApplicationSupportsIndirectInputEvents = YES;
				INFOPLIST_KEY_UILaunchScreen_Generation = YES;
				INFOPLIST_KEY_UISupportedInterfaceOrientations = UIInterfaceOrientationPortrait;
				IPHONEOS_DEPLOYMENT_TARGET = 15.1;
				LD_RUNPATH_SEARCH_PATHS = (
					"$(inherited)",
					"@executable_path/Frameworks",
				);
				MARKETING_VERSION = 1.0;
				PRODUCT_BUNDLE_IDENTIFIER = "com.timdevo.TimDevo-Weather";
				PRODUCT_NAME = "$(TARGET_NAME)";
				SWIFT_EMIT_LOC_STRINGS = YES;
				SWIFT_VERSION = 5.0;
				TARGETED_DEVICE_FAMILY = "1,2";
			};
			name = Debug;
		};
		76FB7C772A13ADB500910D9B /* Release */ = {
			isa = XCBuildConfiguration;
			buildSettings = {
				ASSETCATALOG_COMPILER_APPICON_NAME = AppIcon;
				ASSETCATALOG_COMPILER_GLOBAL_ACCENT_COLOR_NAME = AccentColor;
				CODE_SIGN_STYLE = Automatic;
				CURRENT_PROJECT_VERSION = 1;
				DEVELOPMENT_ASSET_PATHS = "\"TimDevo Weather/Preview Content\"";
				DEVELOPMENT_TEAM = 557ZG5B5BL;
				ENABLE_PREVIEWS = YES;
				GENERATE_INFOPLIST_FILE = YES;
				INFOPLIST_KEY_CFBundleDisplayName = "TimDevo Weather";
				INFOPLIST_KEY_LSApplicationCategoryType = "public.app-category.weather";
				INFOPLIST_KEY_UIApplicationSceneManifest_Generation = YES;
				INFOPLIST_KEY_UIApplicationSupportsIndirectInputEvents = YES;
				INFOPLIST_KEY_UILaunchScreen_Generation = YES;
				INFOPLIST_KEY_UISupportedInterfaceOrientations = UIInterfaceOrientationPortrait;
				IPHONEOS_DEPLOYMENT_TARGET = 15.1;
				LD_RUNPATH_SEARCH_PATHS = (
					"$(inherited)",
					"@executable_path/Frameworks",
				);
				MARKETING_VERSION = 1.0;
				PRODUCT_BUNDLE_IDENTIFIER = "com.timdevo.TimDevo-Weather";
				PRODUCT_NAME = "$(TARGET_NAME)";
				SWIFT_EMIT_LOC_STRINGS = YES;
				SWIFT_VERSION = 5.0;
				TARGETED_DEVICE_FAMILY = "1,2";
			};
			name = Release;
		};
/* End XCBuildConfiguration section */

/* Begin XCConfigurationList section */
		76FB7C622A13ADB100910D9B /* Build configuration list for PBXProject "TimDevo Weather" */ = {
			isa = XCConfigurationList;
			buildConfigurations = (
				76FB7C732A13ADB500910D9B /* Debug */,
				76FB7C742A13ADB500910D9B /* Release */,
			);
			defaultConfigurationIsVisible = 0;
			defaultConfigurationName = Release;
		};
		76FB7C752A13ADB500910D9B /* Build configuration list for PBXNativeTarget "TimDevo Weather" */ = {
			isa = XCConfigurationList;
			buildConfigurations = (
				76FB7C762A13ADB500910D9B /* Debug */,
				76FB7C772A13ADB500910D9B /* Release */,
			);
			defaultConfigurationIsVisible = 0;
			defaultConfigurationName = Release;
		};
/* End XCConfigurationList section */
	};
	rootObject = 76FB7C5F2A13ADB100910D9B /* Project object */;
}
